
Microsoft Visual Studio Solution File, Format Version 12.00
# Visual Studio Version 17
VisualStudioVersion = 17.7.34031.279
MinimumVisualStudioVersion = 10.0.40219.1
Project("{FAE04EC0-301F-11D3-BF4B-00C04F79EFBC}") = "mf-apis-web-services-fuel-manager", "mf-apis-web-services-fuel-manager.csproj", "{EE19253B-3B2A-4B60-AEC8-61576960D04E}"
EndProject
Global
	GlobalSection(SolutionConfigurationPlatforms) = preSolution
		Debug|Any CPU = Debug|Any CPU
		Release|Any CPU = Release|Any CPU
	EndGlobalSection
	GlobalSection(ProjectConfigurationPlatforms) = postSolution
		{EE19253B-3B2A-4B60-AEC8-61576960D04E}.Debug|Any CPU.ActiveCfg = Debug|Any CPU
		{EE19253B-3B2A-4B60-AEC8-61576960D04E}.Debug|Any CPU.Build.0 = Debug|Any CPU
		{EE19253B-3B2A-4B60-AEC8-61576960D04E}.Release|Any CPU.ActiveCfg = Release|Any CPU
		{EE19253B-3B2A-4B60-AEC8-61576960D04E}.Release|Any CPU.Build.0 = Release|Any CPU
	EndGlobalSection
	GlobalSection(SolutionProperties) = preSolution
		HideSolutionNode = FALSE
	EndGlobalSection
	GlobalSection(ExtensibilityGlobals) = postSolution
		SolutionGuid = {146E76C6-852A-45DA-AD20-7D9FB27B47C6}
	EndGlobalSection
EndGlobal
